<Solution>
  <Configurations>
    <Platform Name="Any CPU" />
    <Platform Name="x64" />
    <Platform Name="x86" />
  </Configurations>
  <Project Path="UnityCtl.Bridge/UnityCtl.Bridge.csproj" />
  <Project Path="UnityCtl.Cli/UnityCtl.Cli.csproj" />
  <Project Path="UnityCtl.Protocol/UnityCtl.Protocol.csproj" />
  <Project Path="UnityCtl.Tests/UnityCtl.Tests.csproj" />
</Solution>
